
Microsoft Visual Studio Solution File, Format Version 12.00
# Visual Studio Version 16
VisualStudioVersion = 16.0.30406.217
MinimumVisualStudioVersion = 10.0.40219.1
Project("{8BC9CEB8-8B4A-11D0-8D11-00A0C91BC942}") = "Arrays", "Arrays\Arrays.vcxproj", "{4BD91085-887F-4C6C-9495-1D11FB391360}"
EndProject
Project("{8BC9CEB8-8B4A-11D0-8D11-00A0C91BC942}") = "Templates", "Templates\Templates.vcxproj", "{9F215BEE-4816-4BB0-9354-AC9FDF75C918}"
EndProject
Project("{8BC9CEB8-8B4A-11D0-8D11-00A0C91BC942}") = "Vectors", "Vectors\Vectors.vcxproj", "{8C5C27B5-9448-4D68-86E5-C28F165AE165}"
EndProject
Project("{8BC9CEB8-8B4A-11D0-8D11-00A0C91BC942}") = "List and Forward List", "List and Forward List\List and Forward List.vcxproj", "{BFA6E557-E8F0-439E-A47F-099BF7A7670A}"
EndProject
Project("{8BC9CEB8-8B4A-11D0-8D11-00A0C91BC942}") = "Iterators", "Iterators\Iterators.vcxproj", "{1BDF6168-8BB0-4B2E-810D-8A7DE187C483}"
EndProject
Project("{8BC9CEB8-8B4A-11D0-8D11-00A0C91BC942}") = "Pair and Tuple", "Pair and Tuple\Pair and Tuple.vcxproj", "{997C920F-C310-4AC8-93E9-5DB7FBE3C164}"
EndProject
Project("{8BC9CEB8-8B4A-11D0-8D11-00A0C91BC942}") = "map and multi_map", "map and multi_map\map and multi_map.vcxproj", "{CAA70EA0-5C9A-460A-9829-7C02C8DA4498}"
EndProject
Project("{8BC9CEB8-8B4A-11D0-8D11-00A0C91BC942}") = "stack", "stack\stack.vcxproj", "{E5EB2EA1-9DA6-4646-AF0D-D5BF30DA5212}"
EndProject
Global
	GlobalSection(SolutionConfigurationPlatforms) = preSolution
		Debug|x64 = Debug|x64
		Debug|x86 = Debug|x86
		Release|x64 = Release|x64
		Release|x86 = Release|x86
	EndGlobalSection
	GlobalSection(ProjectConfigurationPlatforms) = postSolution
		{4BD91085-887F-4C6C-9495-1D11FB391360}.Debug|x64.ActiveCfg = Debug|x64
		{4BD91085-887F-4C6C-9495-1D11FB391360}.Debug|x64.Build.0 = Debug|x64
		{4BD91085-887F-4C6C-9495-1D11FB391360}.Debug|x86.ActiveCfg = Debug|Win32
		{4BD91085-887F-4C6C-9495-1D11FB391360}.Debug|x86.Build.0 = Debug|Win32
		{4BD91085-887F-4C6C-9495-1D11FB391360}.Release|x64.ActiveCfg = Release|x64
		{4BD91085-887F-4C6C-9495-1D11FB391360}.Release|x64.Build.0 = Release|x64
		{4BD91085-887F-4C6C-9495-1D11FB391360}.Release|x86.ActiveCfg = Release|Win32
		{4BD91085-887F-4C6C-9495-1D11FB391360}.Release|x86.Build.0 = Release|Win32
		{9F215BEE-4816-4BB0-9354-AC9FDF75C918}.Debug|x64.ActiveCfg = Debug|x64
		{9F215BEE-4816-4BB0-9354-AC9FDF75C918}.Debug|x64.Build.0 = Debug|x64
		{9F215BEE-4816-4BB0-9354-AC9FDF75C918}.Debug|x86.ActiveCfg = Debug|Win32
		{9F215BEE-4816-4BB0-9354-AC9FDF75C918}.Debug|x86.Build.0 = Debug|Win32
		{9F215BEE-4816-4BB0-9354-AC9FDF75C918}.Release|x64.ActiveCfg = Release|x64
		{9F215BEE-4816-4BB0-9354-AC9FDF75C918}.Release|x64.Build.0 = Release|x64
		{9F215BEE-4816-4BB0-9354-AC9FDF75C918}.Release|x86.ActiveCfg = Release|Win32
		{9F215BEE-4816-4BB0-9354-AC9FDF75C918}.Release|x86.Build.0 = Release|Win32
		{8C5C27B5-9448-4D68-86E5-C28F165AE165}.Debug|x64.ActiveCfg = Debug|x64
		{8C5C27B5-9448-4D68-86E5-C28F165AE165}.Debug|x64.Build.0 = Debug|x64
		{8C5C27B5-9448-4D68-86E5-C28F165AE165}.Debug|x86.ActiveCfg = Debug|Win32
		{8C5C27B5-9448-4D68-86E5-C28F165AE165}.Debug|x86.Build.0 = Debug|Win32
		{8C5C27B5-9448-4D68-86E5-C28F165AE165}.Release|x64.ActiveCfg = Release|x64
		{8C5C27B5-9448-4D68-86E5-C28F165AE165}.Release|x64.Build.0 = Release|x64
		{8C5C27B5-9448-4D68-86E5-C28F165AE165}.Release|x86.ActiveCfg = Release|Win32
		{8C5C27B5-9448-4D68-86E5-C28F165AE165}.Release|x86.Build.0 = Release|Win32
		{BFA6E557-E8F0-439E-A47F-099BF7A7670A}.Debug|x64.ActiveCfg = Debug|x64
		{BFA6E557-E8F0-439E-A47F-099BF7A7670A}.Debug|x64.Build.0 = Debug|x64
		{BFA6E557-E8F0-439E-A47F-099BF7A7670A}.Debug|x86.ActiveCfg = Debug|Win32
		{BFA6E557-E8F0-439E-A47F-099BF7A7670A}.Debug|x86.Build.0 = Debug|Win32
		{BFA6E557-E8F0-439E-A47F-099BF7A7670A}.Release|x64.ActiveCfg = Release|x64
		{BFA6E557-E8F0-439E-A47F-099BF7A7670A}.Release|x64.Build.0 = Release|x64
		{BFA6E557-E8F0-439E-A47F-099BF7A7670A}.Release|x86.ActiveCfg = Release|Win32
		{BFA6E557-E8F0-439E-A47F-099BF7A7670A}.Release|x86.Build.0 = Release|Win32
		{1BDF6168-8BB0-4B2E-810D-8A7DE187C483}.Debug|x64.ActiveCfg = Debug|x64
		{1BDF6168-8BB0-4B2E-810D-8A7DE187C483}.Debug|x64.Build.0 = Debug|x64
		{1BDF6168-8BB0-4B2E-810D-8A7DE187C483}.Debug|x86.ActiveCfg = Debug|Win32
		{1BDF6168-8BB0-4B2E-810D-8A7DE187C483}.Debug|x86.Build.0 = Debug|Win32
		{1BDF6168-8BB0-4B2E-810D-8A7DE187C483}.Release|x64.ActiveCfg = Release|x64
		{1BDF6168-8BB0-4B2E-810D-8A7DE187C483}.Release|x64.Build.0 = Release|x64
		{1BDF6168-8BB0-4B2E-810D-8A7DE187C483}.Release|x86.ActiveCfg = Release|Win32
		{1BDF6168-8BB0-4B2E-810D-8A7DE187C483}.Release|x86.Build.0 = Release|Win32
		{997C920F-C310-4AC8-93E9-5DB7FBE3C164}.Debug|x64.ActiveCfg = Debug|x64
		{997C920F-C310-4AC8-93E9-5DB7FBE3C164}.Debug|x64.Build.0 = Debug|x64
		{997C920F-C310-4AC8-93E9-5DB7FBE3C164}.Debug|x86.ActiveCfg = Debug|Win32
		{997C920F-C310-4AC8-93E9-5DB7FBE3C164}.Debug|x86.Build.0 = Debug|Win32
		{997C920F-C310-4AC8-93E9-5DB7FBE3C164}.Release|x64.ActiveCfg = Release|x64
		{997C920F-C310-4AC8-93E9-5DB7FBE3C164}.Release|x64.Build.0 = Release|x64
		{997C920F-C310-4AC8-93E9-5DB7FBE3C164}.Release|x86.ActiveCfg = Release|Win32
		{997C920F-C310-4AC8-93E9-5DB7FBE3C164}.Release|x86.Build.0 = Release|Win32
		{CAA70EA0-5C9A-460A-9829-7C02C8DA4498}.Debug|x64.ActiveCfg = Debug|x64
		{CAA70EA0-5C9A-460A-9829-7C02C8DA4498}.Debug|x64.Build.0 = Debug|x64
		{CAA70EA0-5C9A-460A-9829-7C02C8DA4498}.Debug|x86.ActiveCfg = Debug|Win32
		{CAA70EA0-5C9A-460A-9829-7C02C8DA4498}.Debug|x86.Build.0 = Debug|Win32
		{CAA70EA0-5C9A-460A-9829-7C02C8DA4498}.Release|x64.ActiveCfg = Release|x64
		{CAA70EA0-5C9A-460A-9829-7C02C8DA4498}.Release|x64.Build.0 = Release|x64
		{CAA70EA0-5C9A-460A-9829-7C02C8DA4498}.Release|x86.ActiveCfg = Release|Win32
		{CAA70EA0-5C9A-460A-9829-7C02C8DA4498}.Release|x86.Build.0 = Release|Win32
		{E5EB2EA1-9DA6-4646-AF0D-D5BF30DA5212}.Debug|x64.ActiveCfg = Debug|x64
		{E5EB2EA1-9DA6-4646-AF0D-D5BF30DA5212}.Debug|x64.Build.0 = Debug|x64
		{E5EB2EA1-9DA6-4646-AF0D-D5BF30DA5212}.Debug|x86.ActiveCfg = Debug|Win32
		{E5EB2EA1-9DA6-4646-AF0D-D5BF30DA5212}.Debug|x86.Build.0 = Debug|Win32
		{E5EB2EA1-9DA6-4646-AF0D-D5BF30DA5212}.Release|x64.ActiveCfg = Release|x64
		{E5EB2EA1-9DA6-4646-AF0D-D5BF30DA5212}.Release|x64.Build.0 = Release|x64
		{E5EB2EA1-9DA6-4646-AF0D-D5BF30DA5212}.Release|x86.ActiveCfg = Release|Win32
		{E5EB2EA1-9DA6-4646-AF0D-D5BF30DA5212}.Release|x86.Build.0 = Release|Win32
	EndGlobalSection
	GlobalSection(SolutionProperties) = preSolution
		HideSolutionNode = FALSE
	EndGlobalSection
	GlobalSection(ExtensibilityGlobals) = postSolution
		SolutionGuid = {A09B5748-B822-466B-AA00-22DF92C25DEF}
	EndGlobalSection
EndGlobal
